
Microsoft Visual Studio Solution File, Format Version 12.00
Project("{FAE04EC0-301F-11D3-BF4B-00C04F79EFBC}") = "ASP.NET Core Playground", "ASP.NET Core Playground\ASP.NET Core Playground.csproj", "{BB419160-4385-4DFE-B60F-E9D6B0A2F2F9}"
EndProject
Project("{FAE04EC0-301F-11D3-BF4B-00C04F79EFBC}") = "Parky API", "Parky API\Parky API.csproj", "{D44FEFF6-BE1D-4718-8ACA-24A792176431}"
EndProject
Global
	GlobalSection(SolutionConfigurationPlatforms) = preSolution
		Debug|Any CPU = Debug|Any CPU
		Release|Any CPU = Release|Any CPU
	EndGlobalSection
	GlobalSection(ProjectConfigurationPlatforms) = postSolution
		{BB419160-4385-4DFE-B60F-E9D6B0A2F2F9}.Debug|Any CPU.ActiveCfg = Debug|Any CPU
		{BB419160-4385-4DFE-B60F-E9D6B0A2F2F9}.Debug|Any CPU.Build.0 = Debug|Any CPU
		{BB419160-4385-4DFE-B60F-E9D6B0A2F2F9}.Release|Any CPU.ActiveCfg = Release|Any CPU
		{BB419160-4385-4DFE-B60F-E9D6B0A2F2F9}.Release|Any CPU.Build.0 = Release|Any CPU
		{D44FEFF6-BE1D-4718-8ACA-24A792176431}.Debug|Any CPU.ActiveCfg = Debug|Any CPU
		{D44FEFF6-BE1D-4718-8ACA-24A792176431}.Debug|Any CPU.Build.0 = Debug|Any CPU
		{D44FEFF6-BE1D-4718-8ACA-24A792176431}.Release|Any CPU.ActiveCfg = Release|Any CPU
		{D44FEFF6-BE1D-4718-8ACA-24A792176431}.Release|Any CPU.Build.0 = Release|Any CPU
	EndGlobalSection
EndGlobal
